// !$*UTF8*$!
{
	archiveVersion = 1;
	classes = {
	};
	objectVersion = 50;
	objects = {

/* Begin PBXBuildFile section */
		2CF1374BCDD3B4D7EE03A7BA /* libPods-YUKitDemo.a in Frameworks */ = {isa = PBXBuildFile; fileRef = 13DB6CD4D959348BEEBE0E6B /* libPods-YUKitDemo.a */; };
		610DBA7120FDC1F700A7DE82 /* YUViewController.m in Sources */ = {isa = PBXBuildFile; fileRef = 610DBA6C20FDC1F700A7DE82 /* YUViewController.m */; };
		610DBA7A20FDED6D00A7DE82 /* YULib.framework in Frameworks */ = {isa = PBXBuildFile; fileRef = 610DBA7920FDED6D00A7DE82 /* YULib.framework */; };
		6154522720FD936000DF61E0 /* AppDelegate.m in Sources */ = {isa = PBXBuildFile; fileRef = 6154522620FD936000DF61E0 /* AppDelegate.m */; };
		6154522A20FD936000DF61E0 /* ViewController.m in Sources */ = {isa = PBXBuildFile; fileRef = 6154522920FD936000DF61E0 /* ViewController.m */; };
		6154522D20FD936000DF61E0 /* Main.storyboard in Resources */ = {isa = PBXBuildFile; fileRef = 6154522B20FD936000DF61E0 /* Main.storyboard */; };
		6154522F20FD936100DF61E0 /* Assets.xcassets in Resources */ = {isa = PBXBuildFile; fileRef = 6154522E20FD936100DF61E0 /* Assets.xcassets */; };
		6154523220FD936100DF61E0 /* LaunchScreen.storyboard in Resources */ = {isa = PBXBuildFile; fileRef = 6154523020FD936100DF61E0 /* LaunchScreen.storyboard */; };
		6154523520FD936200DF61E0 /* main.m in Sources */ = {isa = PBXBuildFile; fileRef = 6154523420FD936200DF61E0 /* main.m */; };
/* End PBXBuildFile section */

/* Begin PBXFileReference section */
		13DB6CD4D959348BEEBE0E6B /* libPods-YUKitDemo.a */ = {isa = PBXFileReference; explicitFileType = archive.ar; includeInIndex = 0; path = "libPods-YUKitDemo.a"; sourceTree = BUILT_PRODUCTS_DIR; };
		5B0166518DFCA19D6F88EFE8 /* Pods-YUKitDemo.release.xcconfig */ = {isa = PBXFileReference; includeInIndex = 1; lastKnownFileType = text.xcconfig; name = "Pods-YUKitDemo.release.xcconfig"; path = "Pods/Target Support Files/Pods-YUKitDemo/Pods-YUKitDemo.release.xcconfig"; sourceTree = "<group>"; };
		610DBA6C20FDC1F700A7DE82 /* YUViewController.m */ = {isa = PBXFileReference; fileEncoding = 4; lastKnownFileType = sourcecode.c.objc; path = YUViewController.m; sourceTree = "<group>"; };
		610DBA6D20FDC1F700A7DE82 /* YUViewController.h */ = {isa = PBXFileReference; fileEncoding = 4; lastKnownFileType = sourcecode.c.h; path = YUViewController.h; sourceTree = "<group>"; };
		610DBA6E20FDC1F700A7DE82 /* YUKit.h */ = {isa = PBXFileReference; fileEncoding = 4; lastKnownFileType = sourcecode.c.h; path = YUKit.h; sourceTree = "<group>"; };
		610DBA7020FDC1F700A7DE82 /* YUKitColor.h */ = {isa = PBXFileReference; fileEncoding = 4; lastKnownFileType = sourcecode.c.h; path = YUKitColor.h; sourceTree = "<group>"; };
		610DBA7920FDED6D00A7DE82 /* YULib.framework */ = {isa = PBXFileReference; lastKnownFileType = wrapper.framework; path = YULib.framework; sourceTree = "<group>"; };
		6154522220FD936000DF61E0 /* YUKitDemo.app */ = {isa = PBXFileReference; explicitFileType = wrapper.application; includeInIndex = 0; path = YUKitDemo.app; sourceTree = BUILT_PRODUCTS_DIR; };
		6154522520FD936000DF61E0 /* AppDelegate.h */ = {isa = PBXFileReference; lastKnownFileType = sourcecode.c.h; path = AppDelegate.h; sourceTree = "<group>"; };
		6154522620FD936000DF61E0 /* AppDelegate.m */ = {isa = PBXFileReference; lastKnownFileType = sourcecode.c.objc; path = AppDelegate.m; sourceTree = "<group>"; };
		6154522820FD936000DF61E0 /* ViewController.h */ = {isa = PBXFileReference; lastKnownFileType = sourcecode.c.h; path = ViewController.h; sourceTree = "<group>"; };
		6154522920FD936000DF61E0 /* ViewController.m */ = {isa = PBXFileReference; lastKnownFileType = sourcecode.c.objc; path = ViewController.m; sourceTree = "<group>"; };
		6154522C20FD936000DF61E0 /* Base */ = {isa = PBXFileReference; lastKnownFileType = file.storyboard; name = Base; path = Base.lproj/Main.storyboard; sourceTree = "<group>"; };
		6154522E20FD936100DF61E0 /* Assets.xcassets */ = {isa = PBXFileReference; lastKnownFileType = folder.assetcatalog; path = Assets.xcassets; sourceTree = "<group>"; };
		6154523120FD936100DF61E0 /* Base */ = {isa = PBXFileReference; lastKnownFileType = file.storyboard; name = Base; path = Base.lproj/LaunchScreen.storyboard; sourceTree = "<group>"; };
		6154523320FD936100DF61E0 /* Info.plist */ = {isa = PBXFileReference; lastKnownFileType = text.plist.xml; path = Info.plist; sourceTree = "<group>"; };
		6154523420FD936200DF61E0 /* main.m */ = {isa = PBXFileReference; lastKnownFileType = sourcecode.c.objc; path = main.m; sourceTree = "<group>"; };
		FD7BCE61B072B352A7DECCA0 /* Pods-YUKitDemo.debug.xcconfig */ = {isa = PBXFileReference; includeInIndex = 1; lastKnownFileType = text.xcconfig; name = "Pods-YUKitDemo.debug.xcconfig"; path = "Pods/Target Support Files/Pods-YUKitDemo/Pods-YUKitDemo.debug.xcconfig"; sourceTree = "<group>"; };
/* End PBXFileReference section */

/* Begin PBXFrameworksBuildPhase section */
		6154521F20FD936000DF61E0 /* Frameworks */ = {
			isa = PBXFrameworksBuildPhase;
			buildActionMask = 2147483647;
			files = (
				610DBA7A20FDED6D00A7DE82 /* YULib.framework in Frameworks */,
				2CF1374BCDD3B4D7EE03A7BA /* libPods-YUKitDemo.a in Frameworks */,
			);
			runOnlyForDeploymentPostprocessing = 0;
		};
/* End PBXFrameworksBuildPhase section */

/* Begin PBXGroup section */
		0743E56204488C27801B107F /* Frameworks */ = {
			isa = PBXGroup;
			children = (
				13DB6CD4D959348BEEBE0E6B /* libPods-YUKitDemo.a */,
			);
			name = Frameworks;
			sourceTree = "<group>";
		};
		4E4120EAFECC73784301E06C /* Pods */ = {
			isa = PBXGroup;
			children = (
				FD7BCE61B072B352A7DECCA0 /* Pods-YUKitDemo.debug.xcconfig */,
				5B0166518DFCA19D6F88EFE8 /* Pods-YUKitDemo.release.xcconfig */,
			);
			name = Pods;
			sourceTree = "<group>";
		};
		610DBA6A20FDC1F700A7DE82 /* YUKit */ = {
			isa = PBXGroup;
			children = (
				610DBA7920FDED6D00A7DE82 /* YULib.framework */,
				610DBA6E20FDC1F700A7DE82 /* YUKit.h */,
				610DBA6B20FDC1F700A7DE82 /* YUViewMaker */,
				610DBA6F20FDC1F700A7DE82 /* YUDefine */,
			);
			path = YUKit;
			sourceTree = "<group>";
		};
		610DBA6B20FDC1F700A7DE82 /* YUViewMaker */ = {
			isa = PBXGroup;
			children = (
				610DBA6D20FDC1F700A7DE82 /* YUViewController.h */,
				610DBA6C20FDC1F700A7DE82 /* YUViewController.m */,
			);
			path = YUViewMaker;
			sourceTree = "<group>";
		};
		610DBA6F20FDC1F700A7DE82 /* YUDefine */ = {
			isa = PBXGroup;
			children = (
				610DBA7020FDC1F700A7DE82 /* YUKitColor.h */,
			);
			path = YUDefine;
			sourceTree = "<group>";
		};
		6154521920FD936000DF61E0 = {
			isa = PBXGroup;
			children = (
				610DBA6A20FDC1F700A7DE82 /* YUKit */,
				6154522420FD936000DF61E0 /* YUKitDemo */,
				6154522320FD936000DF61E0 /* Products */,
				4E4120EAFECC73784301E06C /* Pods */,
				0743E56204488C27801B107F /* Frameworks */,
			);
			sourceTree = "<group>";
		};
		6154522320FD936000DF61E0 /* Products */ = {
			isa = PBXGroup;
			children = (
				6154522220FD936000DF61E0 /* YUKitDemo.app */,
			);
			name = Products;
			sourceTree = "<group>";
		};
		6154522420FD936000DF61E0 /* YUKitDemo */ = {
			isa = PBXGroup;
			children = (
				6154522520FD936000DF61E0 /* AppDelegate.h */,
				6154522620FD936000DF61E0 /* AppDelegate.m */,
				6154522820FD936000DF61E0 /* ViewController.h */,
				6154522920FD936000DF61E0 /* ViewController.m */,
				6154522B20FD936000DF61E0 /* Main.storyboard */,
				6154522E20FD936100DF61E0 /* Assets.xcassets */,
				6154523020FD936100DF61E0 /* LaunchScreen.storyboard */,
				6154523320FD936100DF61E0 /* Info.plist */,
				6154523420FD936200DF61E0 /* main.m */,
			);
			path = YUKitDemo;
			sourceTree = "<group>";
		};
/* End PBXGroup section */

/* Begin PBXNativeTarget section */
		6154522120FD936000DF61E0 /* YUKitDemo */ = {
			isa = PBXNativeTarget;
			buildConfigurationList = 6154523820FD936200DF61E0 /* Build configuration list for PBXNativeTarget "YUKitDemo" */;
			buildPhases = (
				C7AA8E744CDDBF5C41EC86CE /* [CP] Check Pods Manifest.lock */,
				6154521E20FD936000DF61E0 /* Sources */,
				6154521F20FD936000DF61E0 /* Frameworks */,
				6154522020FD936000DF61E0 /* Resources */,
				C96E7FC9D818E54C5C0F01DD /* [CP] Embed Pods Frameworks */,
				6E2F3EFA8ECD96EC8A793957 /* [CP] Copy Pods Resources */,
			);
			buildRules = (
			);
			dependencies = (
			);
			name = YUKitDemo;
			productName = YUKitDemo;
			productReference = 6154522220FD936000DF61E0 /* YUKitDemo.app */;
			productType = "com.apple.product-type.application";
		};
/* End PBXNativeTarget section */

/* Begin PBXProject section */
		6154521A20FD936000DF61E0 /* Project object */ = {
			isa = PBXProject;
			attributes = {
				LastUpgradeCheck = 0940;
				ORGANIZATIONNAME = Yanyuxxxx;
				TargetAttributes = {
					6154522120FD936000DF61E0 = {
						CreatedOnToolsVersion = 9.4.1;
					};
				};
			};
			buildConfigurationList = 6154521D20FD936000DF61E0 /* Build configuration list for PBXProject "YUKitDemo" */;
			compatibilityVersion = "Xcode 9.3";
			developmentRegion = en;
			hasScannedForEncodings = 0;
			knownRegions = (
				en,
				Base,
			);
			mainGroup = 6154521920FD936000DF61E0;
			productRefGroup = 6154522320FD936000DF61E0 /* Products */;
			projectDirPath = "";
			projectRoot = "";
			targets = (
				6154522120FD936000DF61E0 /* YUKitDemo */,
			);
		};
/* End PBXProject section */

/* Begin PBXResourcesBuildPhase section */
		6154522020FD936000DF61E0 /* Resources */ = {
			isa = PBXResourcesBuildPhase;
			buildActionMask = 2147483647;
			files = (
				6154523220FD936100DF61E0 /* LaunchScreen.storyboard in Resources */,
				6154522F20FD936100DF61E0 /* Assets.xcassets in Resources */,
				6154522D20FD936000DF61E0 /* Main.storyboard in Resources */,
			);
			runOnlyForDeploymentPostprocessing = 0;
		};
/* End PBXResourcesBuildPhase section */

/* Begin PBXShellScriptBuildPhase section */
		6E2F3EFA8ECD96EC8A793957 /* [CP] Copy Pods Resources */ = {
			isa = PBXShellScriptBuildPhase;
			buildActionMask = 2147483647;
			files = (
			);
			inputPaths = (
			);
			name = "[CP] Copy Pods Resources";
			outputPaths = (
			);
			runOnlyForDeploymentPostprocessing = 0;
			shellPath = /bin/sh;
			shellScript = "\"${SRCROOT}/Pods/Target Support Files/Pods-YUKitDemo/Pods-YUKitDemo-resources.sh\"\n";
			showEnvVarsInLog = 0;
		};
		C7AA8E744CDDBF5C41EC86CE /* [CP] Check Pods Manifest.lock */ = {
			isa = PBXShellScriptBuildPhase;
			buildActionMask = 2147483647;
			files = (
			);
			inputPaths = (
			);
			name = "[CP] Check Pods Manifest.lock";
			outputPaths = (
			);
			runOnlyForDeploymentPostprocessing = 0;
			shellPath = /bin/sh;
			shellScript = "diff \"${PODS_PODFILE_DIR_PATH}/Podfile.lock\" \"${PODS_ROOT}/Manifest.lock\" > /dev/null\nif [ $? != 0 ] ; then\n    # print error to STDERR\n    echo \"error: The sandbox is not in sync with the Podfile.lock. Run 'pod install' or update your CocoaPods installation.\" >&2\n    exit 1\nfi\n";
			showEnvVarsInLog = 0;
		};
		C96E7FC9D818E54C5C0F01DD /* [CP] Embed Pods Frameworks */ = {
			isa = PBXShellScriptBuildPhase;
			buildActionMask = 2147483647;
			files = (
			);
			inputPaths = (
			);
			name = "[CP] Embed Pods Frameworks";
			outputPaths = (
			);
			runOnlyForDeploymentPostprocessing = 0;
			shellPath = /bin/sh;
			shellScript = "\"${SRCROOT}/Pods/Target Support Files/Pods-YUKitDemo/Pods-YUKitDemo-frameworks.sh\"\n";
			showEnvVarsInLog = 0;
		};
/* End PBXShellScriptBuildPhase section */

/* Begin PBXSourcesBuildPhase section */
		6154521E20FD936000DF61E0 /* Sources */ = {
			isa = PBXSourcesBuildPhase;
			buildActionMask = 2147483647;
			files = (
				6154522A20FD936000DF61E0 /* ViewController.m in Sources */,
				6154523520FD936200DF61E0 /* main.m in Sources */,
				610DBA7120FDC1F700A7DE82 /* YUViewController.m in Sources */,
				6154522720FD936000DF61E0 /* AppDelegate.m in Sources */,
			);
			runOnlyForDeploymentPostprocessing = 0;
		};
/* End PBXSourcesBuildPhase section */

/* Begin PBXVariantGroup section */
		6154522B20FD936000DF61E0 /* Main.storyboard */ = {
			isa = PBXVariantGroup;
			children = (
				6154522C20FD936000DF61E0 /* Base */,
			);
			name = Main.storyboard;
			sourceTree = "<group>";
		};
		6154523020FD936100DF61E0 /* LaunchScreen.storyboard */ = {
			isa = PBXVariantGroup;
			children = (
				6154523120FD936100DF61E0 /* Base */,
			);
			name = LaunchScreen.storyboard;
			sourceTree = "<group>";
		};
/* End PBXVariantGroup section */

/* Begin XCBuildConfiguration section */
		6154523620FD936200DF61E0 /* Debug */ = {
			isa = XCBuildConfiguration;
			buildSettings = {
				ALWAYS_SEARCH_USER_PATHS = NO;
				CLANG_ANALYZER_NONNULL = YES;
				CLANG_ANALYZER_NUMBER_OBJECT_CONVERSION = YES_AGGRESSIVE;
				CLANG_CXX_LANGUAGE_STANDARD = "gnu++14";
				CLANG_CXX_LIBRARY = "libc++";
				CLANG_ENABLE_MODULES = YES;
				CLANG_ENABLE_OBJC_ARC = YES;
				CLANG_ENABLE_OBJC_WEAK = YES;
				CLANG_WARN_BLOCK_CAPTURE_AUTORELEASING = YES;
				CLANG_WARN_BOOL_CONVERSION = YES;
				CLANG_WARN_COMMA = YES;
				CLANG_WARN_CONSTANT_CONVERSION = YES;
				CLANG_WARN_DEPRECATED_OBJC_IMPLEMENTATIONS = YES;
				CLANG_WARN_DIRECT_OBJC_ISA_USAGE = YES_ERROR;
				CLANG_WARN_DOCUMENTATION_COMMENTS = YES;
				CLANG_WARN_EMPTY_BODY = YES;
				CLANG_WARN_ENUM_CONVERSION = YES;
				CLANG_WARN_INFINITE_RECURSION = YES;
				CLANG_WARN_INT_CONVERSION = YES;
				CLANG_WARN_NON_LITERAL_NULL_CONVERSION = YES;
				CLANG_WARN_OBJC_IMPLICIT_RETAIN_SELF = YES;
				CLANG_WARN_OBJC_LITERAL_CONVERSION = YES;
				CLANG_WARN_OBJC_ROOT_CLASS = YES_ERROR;
				CLANG_WARN_RANGE_LOOP_ANALYSIS = YES;
				CLANG_WARN_STRICT_PROTOTYPES = YES;
				CLANG_WARN_SUSPICIOUS_MOVE = YES;
				CLANG_WARN_UNGUARDED_AVAILABILITY = YES_AGGRESSIVE;
				CLANG_WARN_UNREACHABLE_CODE = YES;
				CLANG_WARN__DUPLICATE_METHOD_MATCH = YES;
				CODE_SIGN_IDENTITY = "iPhone Developer";
				COPY_PHASE_STRIP = NO;
				DEBUG_INFORMATION_FORMAT = dwarf;
				ENABLE_STRICT_OBJC_MSGSEND = YES;
				ENABLE_TESTABILITY = YES;
				FRAMEWORK_SEARCH_PATHS = "";
				GCC_C_LANGUAGE_STANDARD = gnu11;
				GCC_DYNAMIC_NO_PIC = NO;
				GCC_NO_COMMON_BLOCKS = YES;
				GCC_OPTIMIZATION_LEVEL = 0;
				GCC_PREPROCESSOR_DEFINITIONS = (
					"DEBUG=1",
					"$(inherited)",
				);
				GCC_WARN_64_TO_32_BIT_CONVERSION = YES;
				GCC_WARN_ABOUT_RETURN_TYPE = YES_ERROR;
				GCC_WARN_UNDECLARED_SELECTOR = YES;
				GCC_WARN_UNINITIALIZED_AUTOS = YES_AGGRESSIVE;
				GCC_WARN_UNUSED_FUNCTION = YES;
				GCC_WARN_UNUSED_VARIABLE = YES;
				IPHONEOS_DEPLOYMENT_TARGET = 11.4;
				MTL_ENABLE_DEBUG_INFO = YES;
				ONLY_ACTIVE_ARCH = YES;
				SDKROOT = iphoneos;
			};
			name = Debug;
		};
		6154523720FD936200DF61E0 /* Release */ = {
			isa = XCBuildConfiguration;
			buildSettings = {
				ALWAYS_SEARCH_USER_PATHS = NO;
				CLANG_ANALYZER_NONNULL = YES;
				CLANG_ANALYZER_NUMBER_OBJECT_CONVERSION = YES_AGGRESSIVE;
				CLANG_CXX_LANGUAGE_STANDARD = "gnu++14";
				CLANG_CXX_LIBRARY = "libc++";
				CLANG_ENABLE_MODULES = YES;
				CLANG_ENABLE_OBJC_ARC = YES;
				CLANG_ENABLE_OBJC_WEAK = YES;
				CLANG_WARN_BLOCK_CAPTURE_AUTORELEASING = YES;
				CLANG_WARN_BOOL_CONVERSION = YES;
				CLANG_WARN_COMMA = YES;
				CLANG_WARN_CONSTANT_CONVERSION = YES;
				CLANG_WARN_DEPRECATED_OBJC_IMPLEMENTATIONS = YES;
				CLANG_WARN_DIRECT_OBJC_ISA_USAGE = YES_ERROR;
				CLANG_WARN_DOCUMENTATION_COMMENTS = YES;
				CLANG_WARN_EMPTY_BODY = YES;
				CLANG_WARN_ENUM_CONVERSION = YES;
				CLANG_WARN_INFINITE_RECURSION = YES;
				CLANG_WARN_INT_CONVERSION = YES;
				CLANG_WARN_NON_LITERAL_NULL_CONVERSION = YES;
				CLANG_WARN_OBJC_IMPLICIT_RETAIN_SELF = YES;
				CLANG_WARN_OBJC_LITERAL_CONVERSION = YES;
				CLANG_WARN_OBJC_ROOT_CLASS = YES_ERROR;
				CLANG_WARN_RANGE_LOOP_ANALYSIS = YES;
				CLANG_WARN_STRICT_PROTOTYPES = YES;
				CLANG_WARN_SUSPICIOUS_MOVE = YES;
				CLANG_WARN_UNGUARDED_AVAILABILITY = YES_AGGRESSIVE;
				CLANG_WARN_UNREACHABLE_CODE = YES;
				CLANG_WARN__DUPLICATE_METHOD_MATCH = YES;
				CODE_SIGN_IDENTITY = "iPhone Developer";
				COPY_PHASE_STRIP = NO;
				DEBUG_INFORMATION_FORMAT = "dwarf-with-dsym";
				ENABLE_NS_ASSERTIONS = NO;
				ENABLE_STRICT_OBJC_MSGSEND = YES;
				FRAMEWORK_SEARCH_PATHS = "";
				GCC_C_LANGUAGE_STANDARD = gnu11;
				GCC_NO_COMMON_BLOCKS = YES;
				GCC_WARN_64_TO_32_BIT_CONVERSION = YES;
				GCC_WARN_ABOUT_RETURN_TYPE = YES_ERROR;
				GCC_WARN_UNDECLARED_SELECTOR = YES;
				GCC_WARN_UNINITIALIZED_AUTOS = YES_AGGRESSIVE;
				GCC_WARN_UNUSED_FUNCTION = YES;
				GCC_WARN_UNUSED_VARIABLE = YES;
				IPHONEOS_DEPLOYMENT_TARGET = 11.4;
				MTL_ENABLE_DEBUG_INFO = NO;
				SDKROOT = iphoneos;
				VALIDATE_PRODUCT = YES;
			};
			name = Release;
		};
		6154523920FD936200DF61E0 /* Debug */ = {
			isa = XCBuildConfiguration;
			baseConfigurationReference = FD7BCE61B072B352A7DECCA0 /* Pods-YUKitDemo.debug.xcconfig */;
			buildSettings = {
				ASSETCATALOG_COMPILER_APPICON_NAME = AppIcon;
				CODE_SIGN_STYLE = Automatic;
				DEVELOPMENT_TEAM = ET6XQ7WC69;
				FRAMEWORK_SEARCH_PATHS = (
					"$(inherited)",
					"$(PROJECT_DIR)/YUKitDemo",
					"$(PROJECT_DIR)/YUKit",
				);
				INFOPLIST_FILE = YUKitDemo/Info.plist;
				LD_RUNPATH_SEARCH_PATHS = (
					"$(inherited)",
					"@executable_path/Frameworks",
				);
				PRODUCT_BUNDLE_IDENTIFIER = com.Yanyuxxxx.YUKitDemo;
				PRODUCT_NAME = "$(TARGET_NAME)";
				TARGETED_DEVICE_FAMILY = "1,2";
			};
			name = Debug;
		};
		6154523A20FD936200DF61E0 /* Release */ = {
			isa = XCBuildConfiguration;
			baseConfigurationReference = 5B0166518DFCA19D6F88EFE8 /* Pods-YUKitDemo.release.xcconfig */;
			buildSettings = {
				ASSETCATALOG_COMPILER_APPICON_NAME = AppIcon;
				CODE_SIGN_STYLE = Automatic;
				DEVELOPMENT_TEAM = ET6XQ7WC69;
				FRAMEWORK_SEARCH_PATHS = (
					"$(inherited)",
					"$(PROJECT_DIR)/YUKitDemo",
					"$(PROJECT_DIR)/YUKit",
				);
				INFOPLIST_FILE = YUKitDemo/Info.plist;
				LD_RUNPATH_SEARCH_PATHS = (
					"$(inherited)",
					"@executable_path/Frameworks",
				);
				PRODUCT_BUNDLE_IDENTIFIER = com.Yanyuxxxx.YUKitDemo;
				PRODUCT_NAME = "$(TARGET_NAME)";
				TARGETED_DEVICE_FAMILY = "1,2";
			};
			name = Release;
		};
/* End XCBuildConfiguration section */

/* Begin XCConfigurationList section */
		6154521D20FD936000DF61E0 /* Build configuration list for PBXProject "YUKitDemo" */ = {
			isa = XCConfigurationList;
			buildConfigurations = (
				6154523620FD936200DF61E0 /* Debug */,
				6154523720FD936200DF61E0 /* Release */,
			);
			defaultConfigurationIsVisible = 0;
			defaultConfigurationName = Release;
		};
		6154523820FD936200DF61E0 /* Build configuration list for PBXNativeTarget "YUKitDemo" */ = {
			isa = XCConfigurationList;
			buildConfigurations = (
				6154523920FD936200DF61E0 /* Debug */,
				6154523A20FD936200DF61E0 /* Release */,
			);
			defaultConfigurationIsVisible = 0;
			defaultConfigurationName = Release;
		};
/* End XCConfigurationList section */
	};
	rootObject = 6154521A20FD936000DF61E0 /* Project object */;
}
